// !$*UTF8*$!
{
	archiveVersion = 1;
	classes = {
	};
	objectVersion = 55;
	objects = {

/* Begin PBXBuildFile section */
		04D52BBF27F6CCA4007D1146 /* AppDelegate.swift in Sources */ = {isa = PBXBuildFile; fileRef = 04D52BBE27F6CCA4007D1146 /* AppDelegate.swift */; };
		04D52BC827F6CCA4007D1146 /* Assets.xcassets in Resources */ = {isa = PBXBuildFile; fileRef = 04D52BC727F6CCA4007D1146 /* Assets.xcassets */; };
		04D52BCB27F6CCA4007D1146 /* LaunchScreen.storyboard in Resources */ = {isa = PBXBuildFile; fileRef = 04D52BC927F6CCA4007D1146 /* LaunchScreen.storyboard */; };
		04D52BD627F6CD12007D1146 /* TabBar.swift in Sources */ = {isa = PBXBuildFile; fileRef = 04D52BD527F6CD12007D1146 /* TabBar.swift */; };
		04D52BD927F6CD31007D1146 /* MainVC.swift in Sources */ = {isa = PBXBuildFile; fileRef = 04D52BD727F6CD31007D1146 /* MainVC.swift */; };
		04D52BDA27F6CD31007D1146 /* MainVC.xib in Resources */ = {isa = PBXBuildFile; fileRef = 04D52BD827F6CD31007D1146 /* MainVC.xib */; };
		04D52BDD27F6CDA7007D1146 /* SettingsVC.swift in Sources */ = {isa = PBXBuildFile; fileRef = 04D52BDB27F6CDA7007D1146 /* SettingsVC.swift */; };
		04D52BDE27F6CDA7007D1146 /* SettingsVC.xib in Resources */ = {isa = PBXBuildFile; fileRef = 04D52BDC27F6CDA7007D1146 /* SettingsVC.xib */; };
/* End PBXBuildFile section */

/* Begin PBXFileReference section */
		04D52BBB27F6CCA4007D1146 /* PrayerTime.app */ = {isa = PBXFileReference; explicitFileType = wrapper.application; includeInIndex = 0; path = PrayerTime.app; sourceTree = BUILT_PRODUCTS_DIR; };
		04D52BBE27F6CCA4007D1146 /* AppDelegate.swift */ = {isa = PBXFileReference; lastKnownFileType = sourcecode.swift; path = AppDelegate.swift; sourceTree = "<group>"; };
		04D52BC727F6CCA4007D1146 /* Assets.xcassets */ = {isa = PBXFileReference; lastKnownFileType = folder.assetcatalog; path = Assets.xcassets; sourceTree = "<group>"; };
		04D52BCA27F6CCA4007D1146 /* Base */ = {isa = PBXFileReference; lastKnownFileType = file.storyboard; name = Base; path = Base.lproj/LaunchScreen.storyboard; sourceTree = "<group>"; };
		04D52BCC27F6CCA4007D1146 /* Info.plist */ = {isa = PBXFileReference; lastKnownFileType = text.plist.xml; path = Info.plist; sourceTree = "<group>"; };
		04D52BD527F6CD12007D1146 /* TabBar.swift */ = {isa = PBXFileReference; lastKnownFileType = sourcecode.swift; path = TabBar.swift; sourceTree = "<group>"; };
		04D52BD727F6CD31007D1146 /* MainVC.swift */ = {isa = PBXFileReference; lastKnownFileType = sourcecode.swift; path = MainVC.swift; sourceTree = "<group>"; };
		04D52BD827F6CD31007D1146 /* MainVC.xib */ = {isa = PBXFileReference; lastKnownFileType = file.xib; path = MainVC.xib; sourceTree = "<group>"; };
		04D52BDB27F6CDA7007D1146 /* SettingsVC.swift */ = {isa = PBXFileReference; lastKnownFileType = sourcecode.swift; path = SettingsVC.swift; sourceTree = "<group>"; };
		04D52BDC27F6CDA7007D1146 /* SettingsVC.xib */ = {isa = PBXFileReference; lastKnownFileType = file.xib; path = SettingsVC.xib; sourceTree = "<group>"; };
/* End PBXFileReference section */

/* Begin PBXFrameworksBuildPhase section */
		04D52BB827F6CCA3007D1146 /* Frameworks */ = {
			isa = PBXFrameworksBuildPhase;
			buildActionMask = 2147483647;
			files = (
			);
			runOnlyForDeploymentPostprocessing = 0;
		};
/* End PBXFrameworksBuildPhase section */

/* Begin PBXGroup section */
		04D52BB227F6CCA3007D1146 = {
			isa = PBXGroup;
			children = (
				04D52BBD27F6CCA4007D1146 /* PrayerTime */,
				04D52BBC27F6CCA4007D1146 /* Products */,
			);
			sourceTree = "<group>";
		};
		04D52BBC27F6CCA4007D1146 /* Products */ = {
			isa = PBXGroup;
			children = (
				04D52BBB27F6CCA4007D1146 /* PrayerTime.app */,
			);
			name = Products;
			sourceTree = "<group>";
		};
		04D52BBD27F6CCA4007D1146 /* PrayerTime */ = {
			isa = PBXGroup;
			children = (
				04D52BBE27F6CCA4007D1146 /* AppDelegate.swift */,
				04D52BD427F6CCEF007D1146 /* Model */,
				04D52BD327F6CCDB007D1146 /* View */,
				04D52BD227F6CCD0007D1146 /* Controller */,
				04D52BC727F6CCA4007D1146 /* Assets.xcassets */,
				04D52BC927F6CCA4007D1146 /* LaunchScreen.storyboard */,
				04D52BCC27F6CCA4007D1146 /* Info.plist */,
			);
			path = PrayerTime;
			sourceTree = "<group>";
		};
		04D52BD227F6CCD0007D1146 /* Controller */ = {
			isa = PBXGroup;
			children = (
				04D52BD527F6CD12007D1146 /* TabBar.swift */,
				04D52BD727F6CD31007D1146 /* MainVC.swift */,
				04D52BDB27F6CDA7007D1146 /* SettingsVC.swift */,
			);
			path = Controller;
			sourceTree = "<group>";
		};
		04D52BD327F6CCDB007D1146 /* View */ = {
			isa = PBXGroup;
			children = (
				04D52BD827F6CD31007D1146 /* MainVC.xib */,
				04D52BDC27F6CDA7007D1146 /* SettingsVC.xib */,
			);
			path = View;
			sourceTree = "<group>";
		};
		04D52BD427F6CCEF007D1146 /* Model */ = {
			isa = PBXGroup;
			children = (
			);
			path = Model;
			sourceTree = "<group>";
		};
/* End PBXGroup section */

/* Begin PBXNativeTarget section */
		04D52BBA27F6CCA3007D1146 /* PrayerTime */ = {
			isa = PBXNativeTarget;
			buildConfigurationList = 04D52BCF27F6CCA4007D1146 /* Build configuration list for PBXNativeTarget "PrayerTime" */;
			buildPhases = (
				04D52BB727F6CCA3007D1146 /* Sources */,
				04D52BB827F6CCA3007D1146 /* Frameworks */,
				04D52BB927F6CCA3007D1146 /* Resources */,
			);
			buildRules = (
			);
			dependencies = (
			);
			name = PrayerTime;
			productName = PrayerTime;
			productReference = 04D52BBB27F6CCA4007D1146 /* PrayerTime.app */;
			productType = "com.apple.product-type.application";
		};
/* End PBXNativeTarget section */

/* Begin PBXProject section */
		04D52BB327F6CCA3007D1146 /* Project object */ = {
			isa = PBXProject;
			attributes = {
				BuildIndependentTargetsInParallel = 1;
				LastSwiftUpdateCheck = 1300;
				LastUpgradeCheck = 1300;
				TargetAttributes = {
					04D52BBA27F6CCA3007D1146 = {
						CreatedOnToolsVersion = 13.0;
					};
				};
			};
			buildConfigurationList = 04D52BB627F6CCA3007D1146 /* Build configuration list for PBXProject "PrayerTime" */;
			compatibilityVersion = "Xcode 13.0";
			developmentRegion = en;
			hasScannedForEncodings = 0;
			knownRegions = (
				en,
				Base,
			);
			mainGroup = 04D52BB227F6CCA3007D1146;
			productRefGroup = 04D52BBC27F6CCA4007D1146 /* Products */;
			projectDirPath = "";
			projectRoot = "";
			targets = (
				04D52BBA27F6CCA3007D1146 /* PrayerTime */,
			);
		};
/* End PBXProject section */

/* Begin PBXResourcesBuildPhase section */
		04D52BB927F6CCA3007D1146 /* Resources */ = {
			isa = PBXResourcesBuildPhase;
			buildActionMask = 2147483647;
			files = (
				04D52BDA27F6CD31007D1146 /* MainVC.xib in Resources */,
				04D52BDE27F6CDA7007D1146 /* SettingsVC.xib in Resources */,
				04D52BCB27F6CCA4007D1146 /* LaunchScreen.storyboard in Resources */,
				04D52BC827F6CCA4007D1146 /* Assets.xcassets in Resources */,
			);
			runOnlyForDeploymentPostprocessing = 0;
		};
/* End PBXResourcesBuildPhase section */

/* Begin PBXSourcesBuildPhase section */
		04D52BB727F6CCA3007D1146 /* Sources */ = {
			isa = PBXSourcesBuildPhase;
			buildActionMask = 2147483647;
			files = (
				04D52BBF27F6CCA4007D1146 /* AppDelegate.swift in Sources */,
				04D52BDD27F6CDA7007D1146 /* SettingsVC.swift in Sources */,
				04D52BD927F6CD31007D1146 /* MainVC.swift in Sources */,
				04D52BD627F6CD12007D1146 /* TabBar.swift in Sources */,
			);
			runOnlyForDeploymentPostprocessing = 0;
		};
/* End PBXSourcesBuildPhase section */

/* Begin PBXVariantGroup section */
		04D52BC927F6CCA4007D1146 /* LaunchScreen.storyboard */ = {
			isa = PBXVariantGroup;
			children = (
				04D52BCA27F6CCA4007D1146 /* Base */,
			);
			name = LaunchScreen.storyboard;
			sourceTree = "<group>";
		};
/* End PBXVariantGroup section */

/* Begin XCBuildConfiguration section */
		04D52BCD27F6CCA4007D1146 /* Debug */ = {
			isa = XCBuildConfiguration;
			buildSettings = {
				ALWAYS_SEARCH_USER_PATHS = NO;
				CLANG_ANALYZER_NONNULL = YES;
				CLANG_ANALYZER_NUMBER_OBJECT_CONVERSION = YES_AGGRESSIVE;
				CLANG_CXX_LANGUAGE_STANDARD = "gnu++17";
				CLANG_CXX_LIBRARY = "libc++";
				CLANG_ENABLE_MODULES = YES;
				CLANG_ENABLE_OBJC_ARC = YES;
				CLANG_ENABLE_OBJC_WEAK = YES;
				CLANG_WARN_BLOCK_CAPTURE_AUTORELEASING = YES;
				CLANG_WARN_BOOL_CONVERSION = YES;
				CLANG_WARN_COMMA = YES;
				CLANG_WARN_CONSTANT_CONVERSION = YES;
				CLANG_WARN_DEPRECATED_OBJC_IMPLEMENTATIONS = YES;
				CLANG_WARN_DIRECT_OBJC_ISA_USAGE = YES_ERROR;
				CLANG_WARN_DOCUMENTATION_COMMENTS = YES;
				CLANG_WARN_EMPTY_BODY = YES;
				CLANG_WARN_ENUM_CONVERSION = YES;
				CLANG_WARN_INFINITE_RECURSION = YES;
				CLANG_WARN_INT_CONVERSION = YES;
				CLANG_WARN_NON_LITERAL_NULL_CONVERSION = YES;
				CLANG_WARN_OBJC_IMPLICIT_RETAIN_SELF = YES;
				CLANG_WARN_OBJC_LITERAL_CONVERSION = YES;
				CLANG_WARN_OBJC_ROOT_CLASS = YES_ERROR;
				CLANG_WARN_QUOTED_INCLUDE_IN_FRAMEWORK_HEADER = YES;
				CLANG_WARN_RANGE_LOOP_ANALYSIS = YES;
				CLANG_WARN_STRICT_PROTOTYPES = YES;
				CLANG_WARN_SUSPICIOUS_MOVE = YES;
				CLANG_WARN_UNGUARDED_AVAILABILITY = YES_AGGRESSIVE;
				CLANG_WARN_UNREACHABLE_CODE = YES;
				CLANG_WARN__DUPLICATE_METHOD_MATCH = YES;
				COPY_PHASE_STRIP = NO;
				DEBUG_INFORMATION_FORMAT = dwarf;
				ENABLE_STRICT_OBJC_MSGSEND = YES;
				ENABLE_TESTABILITY = YES;
				GCC_C_LANGUAGE_STANDARD = gnu11;
				GCC_DYNAMIC_NO_PIC = NO;
				GCC_NO_COMMON_BLOCKS = YES;
				GCC_OPTIMIZATION_LEVEL = 0;
				GCC_PREPROCESSOR_DEFINITIONS = (
					"DEBUG=1",
					"$(inherited)",
				);
				GCC_WARN_64_TO_32_BIT_CONVERSION = YES;
				GCC_WARN_ABOUT_RETURN_TYPE = YES_ERROR;
				GCC_WARN_UNDECLARED_SELECTOR = YES;
				GCC_WARN_UNINITIALIZED_AUTOS = YES_AGGRESSIVE;
				GCC_WARN_UNUSED_FUNCTION = YES;
				GCC_WARN_UNUSED_VARIABLE = YES;
				IPHONEOS_DEPLOYMENT_TARGET = 15.0;
				MTL_ENABLE_DEBUG_INFO = INCLUDE_SOURCE;
				MTL_FAST_MATH = YES;
				ONLY_ACTIVE_ARCH = YES;
				SDKROOT = iphoneos;
				SWIFT_ACTIVE_COMPILATION_CONDITIONS = DEBUG;
				SWIFT_OPTIMIZATION_LEVEL = "-Onone";
			};
			name = Debug;
		};
		04D52BCE27F6CCA4007D1146 /* Release */ = {
			isa = XCBuildConfiguration;
			buildSettings = {
				ALWAYS_SEARCH_USER_PATHS = NO;
				CLANG_ANALYZER_NONNULL = YES;
				CLANG_ANALYZER_NUMBER_OBJECT_CONVERSION = YES_AGGRESSIVE;
				CLANG_CXX_LANGUAGE_STANDARD = "gnu++17";
				CLANG_CXX_LIBRARY = "libc++";
				CLANG_ENABLE_MODULES = YES;
				CLANG_ENABLE_OBJC_ARC = YES;
				CLANG_ENABLE_OBJC_WEAK = YES;
				CLANG_WARN_BLOCK_CAPTURE_AUTORELEASING = YES;
				CLANG_WARN_BOOL_CONVERSION = YES;
				CLANG_WARN_COMMA = YES;
				CLANG_WARN_CONSTANT_CONVERSION = YES;
				CLANG_WARN_DEPRECATED_OBJC_IMPLEMENTATIONS = YES;
				CLANG_WARN_DIRECT_OBJC_ISA_USAGE = YES_ERROR;
				CLANG_WARN_DOCUMENTATION_COMMENTS = YES;
				CLANG_WARN_EMPTY_BODY = YES;
				CLANG_WARN_ENUM_CONVERSION = YES;
				CLANG_WARN_INFINITE_RECURSION = YES;
				CLANG_WARN_INT_CONVERSION = YES;
				CLANG_WARN_NON_LITERAL_NULL_CONVERSION = YES;
				CLANG_WARN_OBJC_IMPLICIT_RETAIN_SELF = YES;
				CLANG_WARN_OBJC_LITERAL_CONVERSION = YES;
				CLANG_WARN_OBJC_ROOT_CLASS = YES_ERROR;
				CLANG_WARN_QUOTED_INCLUDE_IN_FRAMEWORK_HEADER = YES;
				CLANG_WARN_RANGE_LOOP_ANALYSIS = YES;
				CLANG_WARN_STRICT_PROTOTYPES = YES;
				CLANG_WARN_SUSPICIOUS_MOVE = YES;
				CLANG_WARN_UNGUARDED_AVAILABILITY = YES_AGGRESSIVE;
				CLANG_WARN_UNREACHABLE_CODE = YES;
				CLANG_WARN__DUPLICATE_METHOD_MATCH = YES;
				COPY_PHASE_STRIP = NO;
				DEBUG_INFORMATION_FORMAT = "dwarf-with-dsym";
				ENABLE_NS_ASSERTIONS = NO;
				ENABLE_STRICT_OBJC_MSGSEND = YES;
				GCC_C_LANGUAGE_STANDARD = gnu11;
				GCC_NO_COMMON_BLOCKS = YES;
				GCC_WARN_64_TO_32_BIT_CONVERSION = YES;
				GCC_WARN_ABOUT_RETURN_TYPE = YES_ERROR;
				GCC_WARN_UNDECLARED_SELECTOR = YES;
				GCC_WARN_UNINITIALIZED_AUTOS = YES_AGGRESSIVE;
				GCC_WARN_UNUSED_FUNCTION = YES;
				GCC_WARN_UNUSED_VARIABLE = YES;
				IPHONEOS_DEPLOYMENT_TARGET = 15.0;
				MTL_ENABLE_DEBUG_INFO = NO;
				MTL_FAST_MATH = YES;
				SDKROOT = iphoneos;
				SWIFT_COMPILATION_MODE = wholemodule;
				SWIFT_OPTIMIZATION_LEVEL = "-O";
				VALIDATE_PRODUCT = YES;
			};
			name = Release;
		};
		04D52BD027F6CCA4007D1146 /* Debug */ = {
			isa = XCBuildConfiguration;
			buildSettings = {
				ASSETCATALOG_COMPILER_APPICON_NAME = AppIcon;
				ASSETCATALOG_COMPILER_GLOBAL_ACCENT_COLOR_NAME = AccentColor;
				CODE_SIGN_STYLE = Automatic;
				CURRENT_PROJECT_VERSION = 1;
				DEVELOPMENT_TEAM = 45JD332Z6D;
				GENERATE_INFOPLIST_FILE = YES;
				INFOPLIST_FILE = PrayerTime/Info.plist;
				INFOPLIST_KEY_UIApplicationSupportsIndirectInputEvents = YES;
				INFOPLIST_KEY_UILaunchStoryboardName = LaunchScreen;
				INFOPLIST_KEY_UISupportedInterfaceOrientations = UIInterfaceOrientationPortrait;
				INFOPLIST_KEY_UISupportedInterfaceOrientations_iPad = "UIInterfaceOrientationPortrait UIInterfaceOrientationPortraitUpsideDown UIInterfaceOrientationLandscapeLeft UIInterfaceOrientationLandscapeRight";
				INFOPLIST_KEY_UISupportedInterfaceOrientations_iPhone = "UIInterfaceOrientationPortrait UIInterfaceOrientationLandscapeLeft UIInterfaceOrientationLandscapeRight";
				IPHONEOS_DEPLOYMENT_TARGET = 13.0;
				LD_RUNPATH_SEARCH_PATHS = (
					"$(inherited)",
					"@executable_path/Frameworks",
				);
				MARKETING_VERSION = 1.0;
				PRODUCT_BUNDLE_IDENTIFIER = com.mavlono.PrayerTime;
				PRODUCT_NAME = "$(TARGET_NAME)";
				SWIFT_EMIT_LOC_STRINGS = YES;
				SWIFT_VERSION = 5.0;
				TARGETED_DEVICE_FAMILY = 1;
			};
			name = Debug;
		};
		04D52BD127F6CCA4007D1146 /* Release */ = {
			isa = XCBuildConfiguration;
			buildSettings = {
				ASSETCATALOG_COMPILER_APPICON_NAME = AppIcon;
				ASSETCATALOG_COMPILER_GLOBAL_ACCENT_COLOR_NAME = AccentColor;
				CODE_SIGN_STYLE = Automatic;
				CURRENT_PROJECT_VERSION = 1;
				DEVELOPMENT_TEAM = 45JD332Z6D;
				GENERATE_INFOPLIST_FILE = YES;
				INFOPLIST_FILE = PrayerTime/Info.plist;
				INFOPLIST_KEY_UIApplicationSupportsIndirectInputEvents = YES;
				INFOPLIST_KEY_UILaunchStoryboardName = LaunchScreen;
				INFOPLIST_KEY_UISupportedInterfaceOrientations = UIInterfaceOrientationPortrait;
				INFOPLIST_KEY_UISupportedInterfaceOrientations_iPad = "UIInterfaceOrientationPortrait UIInterfaceOrientationPortraitUpsideDown UIInterfaceOrientationLandscapeLeft UIInterfaceOrientationLandscapeRight";
				INFOPLIST_KEY_UISupportedInterfaceOrientations_iPhone = "UIInterfaceOrientationPortrait UIInterfaceOrientationLandscapeLeft UIInterfaceOrientationLandscapeRight";
				IPHONEOS_DEPLOYMENT_TARGET = 13.0;
				LD_RUNPATH_SEARCH_PATHS = (
					"$(inherited)",
					"@executable_path/Frameworks",
				);
				MARKETING_VERSION = 1.0;
				PRODUCT_BUNDLE_IDENTIFIER = com.mavlono.PrayerTime;
				PRODUCT_NAME = "$(TARGET_NAME)";
				SWIFT_EMIT_LOC_STRINGS = YES;
				SWIFT_VERSION = 5.0;
				TARGETED_DEVICE_FAMILY = 1;
			};
			name = Release;
		};
/* End XCBuildConfiguration section */

/* Begin XCConfigurationList section */
		04D52BB627F6CCA3007D1146 /* Build configuration list for PBXProject "PrayerTime" */ = {
			isa = XCConfigurationList;
			buildConfigurations = (
				04D52BCD27F6CCA4007D1146 /* Debug */,
				04D52BCE27F6CCA4007D1146 /* Release */,
			);
			defaultConfigurationIsVisible = 0;
			defaultConfigurationName = Release;
		};
		04D52BCF27F6CCA4007D1146 /* Build configuration list for PBXNativeTarget "PrayerTime" */ = {
			isa = XCConfigurationList;
			buildConfigurations = (
				04D52BD027F6CCA4007D1146 /* Debug */,
				04D52BD127F6CCA4007D1146 /* Release */,
			);
			defaultConfigurationIsVisible = 0;
			defaultConfigurationName = Release;
		};
/* End XCConfigurationList section */
	};
	rootObject = 04D52BB327F6CCA3007D1146 /* Project object */;
}
